{
  "version": 4,
  "terraform_version": "1.4.6",
  "serial": 215,
  "lineage": "85d90a02-3fbc-80d8-454a-4ff13c626907",
  "outputs": {},
  "resources": [
    {
      "module": "module.cdn",
      "mode": "managed",
      "type": "aws_cloudfront_distribution",
      "name": "this",
      "provider": "provider[\"registry.terraform.io/hashicorp/aws\"]",
      "instances": [
        {
          "schema_version": 1,
          "attributes": {
            "aliases": [],
            "arn": "arn:aws:cloudfront::994580224546:distribution/E3UT916O00GJU6",
            "caller_reference": "terraform-20230623190105517800000001",
            "comment": null,
            "custom_error_response": [],
            "default_cache_behavior": [
              {
                "allowed_methods": [
                  "DELETE",
                  "GET",
                  "HEAD",
                  "OPTIONS",
                  "PATCH",
                  "POST",
                  "PUT"
                ],
                "cache_policy_id": "",
                "cached_methods": [
                  "GET",
                  "HEAD",
                  "OPTIONS"
                ],
                "compress": false,
                "default_ttl": 0,
                "field_level_encryption_id": "",
                "forwarded_values": [
                  {
                    "cookies": [
                      {
                        "forward": "all",
                        "whitelisted_names": []
                      }
                    ],
                    "headers": [],
                    "query_string": true,
                    "query_string_cache_keys": []
                  }
                ],
                "function_association": [],
                "lambda_function_association": [],
                "max_ttl": 0,
                "min_ttl": 0,
                "origin_request_policy_id": "",
                "realtime_log_config_arn": "",
                "response_headers_policy_id": "",
                "smooth_streaming": false,
                "target_origin_id": "static",
                "trusted_key_groups": [],
                "trusted_signers": [],
                "viewer_protocol_policy": "https-only"
              }
            ],
            "default_root_object": "index.html",
            "domain_name": "d11162av6gr8i7.cloudfront.net",
            "enabled": true,
            "etag": "E2V4026KQ8DLYS",
            "hosted_zone_id": "Z2FDTNDATAQYW2",
            "http_version": "http2",
            "id": "E3UT916O00GJU6",
            "in_progress_validation_batches": 0,
            "is_ipv6_enabled": false,
            "last_modified_time": "2023-06-23 19:01:06.221 +0000 UTC",
            "logging_config": [
              {
                "bucket": "logs.cloudinventorymanagement.com.s3.amazonaws.com",
                "include_cookies": false,
                "prefix": "logs/"
              }
            ],
            "ordered_cache_behavior": [],
            "origin": [
              {
                "connection_attempts": 3,
                "connection_timeout": 10,
                "custom_header": [],
                "custom_origin_config": [],
                "domain_name": "cloudinventorymanagement.com.s3.amazonaws.com",
                "origin_access_control_id": "",
                "origin_id": "static",
                "origin_path": "",
                "origin_shield": [],
                "s3_origin_config": [
                  {
                    "origin_access_identity": "origin-access-identity/cloudfront/E6MFP4V4SC1KP"
                  }
                ]
              }
            ],
            "origin_group": [],
            "price_class": "PriceClass_All",
            "restrictions": [
              {
                "geo_restriction": [
                  {
                    "locations": [],
                    "restriction_type": "none"
                  }
                ]
              }
            ],
            "retain_on_delete": true,
            "status": "Deployed",
            "tags": {},
            "tags_all": {},
            "trusted_key_groups": [
              {
                "enabled": false,
                "items": []
              }
            ],
            "trusted_signers": [
              {
                "enabled": false,
                "items": []
              }
            ],
            "viewer_certificate": [
              {
                "acm_certificate_arn": "",
                "cloudfront_default_certificate": true,
                "iam_certificate_id": "",
                "minimum_protocol_version": "TLSv1",
                "ssl_support_method": ""
              }
            ],
            "wait_for_deployment": true,
            "web_acl_id": ""
          },
          "sensitive_attributes": [],
          "private": "eyJzY2hlbWFfdmVyc2lvbiI6IjEifQ==",
          "dependencies": [
            "module.cdn.aws_cloudfront_origin_access_identity.this",
            "module.web_site.aws_s3_bucket.logs",
            "module.web_site.aws_s3_bucket.root"
          ]
        }
      ]
    },
    {
      "module": "module.cdn",
      "mode": "managed",
      "type": "aws_cloudfront_origin_access_control",
      "name": "access_to_bucket",
      "provider": "provider[\"registry.terraform.io/hashicorp/aws\"]",
      "instances": [
        {
          "schema_version": 0,
          "attributes": {
            "description": "WWW bucket OAC",
            "etag": "E3UN6WX5RRO2AG",
            "id": "E2MLYT3MQOWN24",
            "name": "S3 Access Control",
            "origin_access_control_origin_type": "s3",
            "signing_behavior": "always",
            "signing_protocol": "sigv4"
          },
          "sensitive_attributes": [],
          "private": "bnVsbA=="
        }
      ]
    },
    {
      "module": "module.cdn",
      "mode": "managed",
      "type": "aws_cloudfront_origin_access_identity",
      "name": "this",
      "provider": "provider[\"registry.terraform.io/hashicorp/aws\"]",
      "instances": [
        {
          "schema_version": 0,
          "attributes": {
            "caller_reference": "terraform-20230623180538463600000001",
            "cloudfront_access_identity_path": "origin-access-identity/cloudfront/E6MFP4V4SC1KP",
            "comment": "Access to S3 bucket",
            "etag": "EPLAH31B0Q2MF",
            "iam_arn": "arn:aws:iam::cloudfront:user/CloudFront Origin Access Identity E6MFP4V4SC1KP",
            "id": "E6MFP4V4SC1KP",
            "s3_canonical_user_id": "64ee2c818c835cfe4fdf68082f96443af13a2a8082a10760081658c3edba4e11fac591b831d655f5eb285a8ae3b676ec"
          },
          "sensitive_attributes": [],
          "private": "bnVsbA=="
        }
      ]
    },
    {
      "module": "module.dynamodb_table",
      "mode": "managed",
      "type": "aws_appautoscaling_policy",
      "name": "read_policy",
      "provider": "provider[\"registry.terraform.io/hashicorp/aws\"]",
      "instances": [
        {
          "schema_version": 0,
          "attributes": {
            "alarm_arns": [
              "arn:aws:cloudwatch:us-east-1:994580224546:alarm:TargetTracking-table/Inventory-AlarmHigh-9fda0bea-893f-4336-b309-7b430e268557",
              "arn:aws:cloudwatch:us-east-1:994580224546:alarm:TargetTracking-table/Inventory-AlarmLow-37ebe45e-7291-4fd2-ba95-94301ab42127",
              "arn:aws:cloudwatch:us-east-1:994580224546:alarm:TargetTracking-table/Inventory-ProvisionedCapacityHigh-55ccc731-66e6-4bf5-8c6e-580777279272",
              "arn:aws:cloudwatch:us-east-1:994580224546:alarm:TargetTracking-table/Inventory-ProvisionedCapacityLow-0a9b0d28-792c-4bd9-94c1-495e58239642"
            ],
            "arn": "arn:aws:autoscaling:us-east-1:994580224546:scalingPolicy:70fe7156-0fdb-40eb-813d-95f4c9527903:resource/dynamodb/table/Inventory:policyName/DynamoDBReadCapacityUtilization:table/Inventory",
            "id": "DynamoDBReadCapacityUtilization:table/Inventory",
            "name": "DynamoDBReadCapacityUtilization:table/Inventory",
            "policy_type": "TargetTrackingScaling",
            "resource_id": "table/Inventory",
            "scalable_dimension": "dynamodb:table:ReadCapacityUnits",
            "service_namespace": "dynamodb",
            "step_scaling_policy_configuration": [],
            "target_tracking_scaling_policy_configuration": [
              {
                "customized_metric_specification": [],
                "disable_scale_in": false,
                "predefined_metric_specification": [
                  {
                    "predefined_metric_type": "DynamoDBReadCapacityUtilization",
                    "resource_label": ""
                  }
                ],
                "scale_in_cooldown": 300,
                "scale_out_cooldown": 300,
                "target_value": 10
              }
            ]
          },
          "sensitive_attributes": [],
          "private": "bnVsbA==",
          "dependencies": [
            "module.dynamodb_table.aws_appautoscaling_target.read_target",
            "module.dynamodb_table.aws_dynamodb_table.inventory"
          ]
        }
      ]
    },
    {
      "module": "module.dynamodb_table",
      "mode": "managed",
      "type": "aws_appautoscaling_policy",
      "name": "write_policy",
      "provider": "provider[\"registry.terraform.io/hashicorp/aws\"]",
      "instances": [
        {
          "schema_version": 0,
          "attributes": {
            "alarm_arns": [
              "arn:aws:cloudwatch:us-east-1:994580224546:alarm:TargetTracking-table/Inventory-AlarmHigh-34a1ff3f-4ddb-40cc-b50f-2c917cb62485",
              "arn:aws:cloudwatch:us-east-1:994580224546:alarm:TargetTracking-table/Inventory-AlarmLow-26c676bb-5d10-4811-ae4a-6b04da7a104f",
              "arn:aws:cloudwatch:us-east-1:994580224546:alarm:TargetTracking-table/Inventory-ProvisionedCapacityHigh-e375cf05-9ec3-410d-8d25-afdcd97b05d1",
              "arn:aws:cloudwatch:us-east-1:994580224546:alarm:TargetTracking-table/Inventory-ProvisionedCapacityLow-202ffa0b-a2c0-47da-83a1-73869ec29bc4"
            ],
            "arn": "arn:aws:autoscaling:us-east-1:994580224546:scalingPolicy:80076bf0-c8fb-48f4-9d38-717ed03d1fa6:resource/dynamodb/table/Inventory:policyName/DynamoDBWriteCapacityUtilization:table/Inventory",
            "id": "DynamoDBWriteCapacityUtilization:table/Inventory",
            "name": "DynamoDBWriteCapacityUtilization:table/Inventory",
            "policy_type": "TargetTrackingScaling",
            "resource_id": "table/Inventory",
            "scalable_dimension": "dynamodb:table:WriteCapacityUnits",
            "service_namespace": "dynamodb",
            "step_scaling_policy_configuration": [],
            "target_tracking_scaling_policy_configuration": [
              {
                "customized_metric_specification": [],
                "disable_scale_in": false,
                "predefined_metric_specification": [
                  {
                    "predefined_metric_type": "DynamoDBWriteCapacityUtilization",
                    "resource_label": ""
                  }
                ],
                "scale_in_cooldown": 300,
                "scale_out_cooldown": 300,
                "target_value": 10
              }
            ]
          },
          "sensitive_attributes": [],
          "private": "bnVsbA==",
          "dependencies": [
            "module.dynamodb_table.aws_appautoscaling_target.write_target",
            "module.dynamodb_table.aws_dynamodb_table.inventory"
          ]
        }
      ]
    },
    {
      "module": "module.dynamodb_table",
      "mode": "managed",
      "type": "aws_appautoscaling_target",
      "name": "read_target",
      "provider": "provider[\"registry.terraform.io/hashicorp/aws\"]",
      "instances": [
        {
          "schema_version": 0,
          "attributes": {
            "arn": "arn:aws:application-autoscaling:us-east-1:994580224546:scalable-target/0d2670fe71560fdb40eb813d95f4c9527903",
            "id": "table/Inventory",
            "max_capacity": 10,
            "min_capacity": 10,
            "resource_id": "table/Inventory",
            "role_arn": "arn:aws:iam::994580224546:role/aws-service-role/dynamodb.application-autoscaling.amazonaws.com/AWSServiceRoleForApplicationAutoScaling_DynamoDBTable",
            "scalable_dimension": "dynamodb:table:ReadCapacityUnits",
            "service_namespace": "dynamodb",
            "tags": {},
            "tags_all": {}
          },
          "sensitive_attributes": [],
          "private": "bnVsbA==",
          "dependencies": [
            "module.dynamodb_table.aws_dynamodb_table.inventory"
          ]
        }
      ]
    },
    {
      "module": "module.dynamodb_table",
      "mode": "managed",
      "type": "aws_appautoscaling_target",
      "name": "write_target",
      "provider": "provider[\"registry.terraform.io/hashicorp/aws\"]",
      "instances": [
        {
          "schema_version": 0,
          "attributes": {
            "arn": "arn:aws:application-autoscaling:us-east-1:994580224546:scalable-target/0d2680076bf0c8fb48f49d38717ed03d1fa6",
            "id": "table/Inventory",
            "max_capacity": 10,
            "min_capacity": 10,
            "resource_id": "table/Inventory",
            "role_arn": "arn:aws:iam::994580224546:role/aws-service-role/dynamodb.application-autoscaling.amazonaws.com/AWSServiceRoleForApplicationAutoScaling_DynamoDBTable",
            "scalable_dimension": "dynamodb:table:WriteCapacityUnits",
            "service_namespace": "dynamodb",
            "tags": {},
            "tags_all": {}
          },
          "sensitive_attributes": [],
          "private": "bnVsbA==",
          "dependencies": [
            "module.dynamodb_table.aws_dynamodb_table.inventory"
          ]
        }
      ]
    },
    {
      "module": "module.dynamodb_table",
      "mode": "managed",
      "type": "aws_dynamodb_table",
      "name": "inventory",
      "provider": "provider[\"registry.terraform.io/hashicorp/aws\"]",
      "instances": [
        {
          "schema_version": 1,
          "attributes": {
            "arn": "arn:aws:dynamodb:us-east-1:994580224546:table/Inventory",
            "attribute": [
              {
                "name": "itemId",
                "type": "S"
              },
              {
                "name": "name",
                "type": "S"
              },
              {
                "name": "timestamp",
                "type": "N"
              },
              {
                "name": "userId",
                "type": "S"
              }
            ],
            "billing_mode": "PROVISIONED",
            "deletion_protection_enabled": false,
            "global_secondary_index": [],
            "hash_key": "userId",
            "id": "Inventory",
            "local_secondary_index": [
              {
                "name": "nameIndex",
                "non_key_attributes": [],
                "projection_type": "KEYS_ONLY",
                "range_key": "name"
              },
              {
                "name": "timestampIndex",
                "non_key_attributes": [],
                "projection_type": "KEYS_ONLY",
                "range_key": "timestamp"
              }
            ],
            "name": "Inventory",
            "point_in_time_recovery": [
              {
                "enabled": true
              }
            ],
            "range_key": "itemId",
            "read_capacity": 30,
            "replica": [],
            "restore_date_time": null,
            "restore_source_name": null,
            "restore_to_latest_time": null,
            "server_side_encryption": [
              {
                "enabled": true,
                "kms_key_arn": ""
              }
            ],
            "stream_arn": "",
            "stream_enabled": false,
            "stream_label": "",
            "stream_view_type": "",
            "table_class": "STANDARD",
            "tags": {},
            "tags_all": {},
            "timeouts": null,
            "ttl": [
              {
                "attribute_name": "",
                "enabled": false
              }
            ],
            "write_capacity": 30
          },
          "sensitive_attributes": [],
          "private": "eyJlMmJmYjczMC1lY2FhLTExZTYtOGY4OC0zNDM2M2JjN2M0YzAiOnsiY3JlYXRlIjoxODAwMDAwMDAwMDAwLCJkZWxldGUiOjYwMDAwMDAwMDAwMCwidXBkYXRlIjozNjAwMDAwMDAwMDAwfSwic2NoZW1hX3ZlcnNpb24iOiIxIn0="
        }
      ]
    },
    {
      "module": "module.lambda",
      "mode": "data",
      "type": "aws_caller_identity",
      "name": "current",
      "provider": "provider[\"registry.terraform.io/hashicorp/aws\"]",
      "instances": [
        {
          "schema_version": 0,
          "attributes": {
            "account_id": "994580224546",
            "arn": "arn:aws:sts::994580224546:assumed-role/voclabs/user2454516=aviscardi",
            "id": "994580224546",
            "user_id": "AROA6PEMZ3IRG43FGMLU3:user2454516=aviscardi"
          },
          "sensitive_attributes": []
        }
      ]
    },
    {
      "module": "module.lambda",
      "mode": "managed",
      "type": "aws_iam_policy",
      "name": "api_action_policy",
      "provider": "provider[\"registry.terraform.io/hashicorp/aws\"]",
      "instances": [
        {
          "schema_version": 0,
          "attributes": {
            "arn": "arn:aws:iam::994580224546:policy/example-lambda-policy",
            "description": "",
            "id": "arn:aws:iam::994580224546:policy/example-lambda-policy",
            "name": "example-lambda-policy",
            "name_prefix": "",
            "path": "/",
            "policy": "{\"Statement\":[{\"Action\":[\"dynamodb:GetItem\",\"dynamodb:PutItem\",\"dynamodb:DeleteItem\"],\"Effect\":\"Allow\",\"Resource\":\"arn:aws:dynamodb:us-east-1:994580224546:table/Inventory\"}],\"Version\":\"2012-10-17\"}",
            "policy_id": "ANPA6PEMZ3IRCNPADSY53",
            "tags": {},
            "tags_all": {}
          },
          "sensitive_attributes": [],
          "private": "bnVsbA==",
          "dependencies": [
            "module.dynamodb_table.aws_dynamodb_table.inventory"
          ]
        }
      ]
    },
    {
      "module": "module.lambda",
      "mode": "managed",
      "type": "aws_security_group",
      "name": "api_lambdas",
      "provider": "provider[\"registry.terraform.io/hashicorp/aws\"]",
      "instances": [
        {
          "schema_version": 1,
          "attributes": {
            "arn": "arn:aws:ec2:us-east-1:994580224546:security-group/sg-09daf4c63573253c4",
            "description": "Allow queries to dynamo through VPC endpoint",
            "egress": [
              {
                "cidr_blocks": [
                  "35.71.70.0/24",
                  "3.218.182.0/24",
                  "3.218.180.0/23",
                  "35.71.68.0/23",
                  "52.94.0.0/22",
                  "52.119.224.0/20"
                ],
                "description": "",
                "from_port": 0,
                "ipv6_cidr_blocks": [],
                "prefix_list_ids": [],
                "protocol": "-1",
                "security_groups": [],
                "self": false,
                "to_port": 0
              }
            ],
            "id": "sg-09daf4c63573253c4",
            "ingress": [],
            "name": "allow_dynamo_vpce_queries",
            "name_prefix": "",
            "owner_id": "994580224546",
            "revoke_rules_on_delete": false,
            "tags": {
              "Name": "dynamo_vpc_sg"
            },
            "tags_all": {
              "Name": "dynamo_vpc_sg"
            },
            "timeouts": null,
            "vpc_id": "vpc-01f552f7be801dd08"
          },
          "sensitive_attributes": [],
          "private": "eyJlMmJmYjczMC1lY2FhLTExZTYtOGY4OC0zNDM2M2JjN2M0YzAiOnsiY3JlYXRlIjo2MDAwMDAwMDAwMDAsImRlbGV0ZSI6OTAwMDAwMDAwMDAwfSwic2NoZW1hX3ZlcnNpb24iOiIxIn0=",
          "dependencies": [
            "module.vpc-endpoint.aws_vpc_endpoint.dynamodb",
            "module.vpc.module.vpc.aws_route_table.private",
            "module.vpc.module.vpc.aws_vpc.this",
            "module.vpc.module.vpc.aws_vpc_ipv4_cidr_block_association.this"
          ]
        }
      ]
    },
    {
      "module": "module.route53",
      "mode": "managed",
      "type": "aws_route53_record",
      "name": "this",
      "provider": "provider[\"registry.terraform.io/hashicorp/aws\"]",
      "instances": [
        {
          "schema_version": 2,
          "attributes": {
            "alias": [
              {
                "evaluate_target_health": false,
                "name": "d11162av6gr8i7.cloudfront.net",
                "zone_id": "Z2FDTNDATAQYW2"
              }
            ],
            "allow_overwrite": null,
            "cidr_routing_policy": [],
            "failover_routing_policy": [],
            "fqdn": "cloudinventorymanagement.com",
            "geolocation_routing_policy": [],
            "health_check_id": "",
            "id": "Z08894221JBIGC903XG4R_cloudinventorymanagement.com_A",
            "latency_routing_policy": [],
            "multivalue_answer_routing_policy": false,
            "name": "cloudinventorymanagement.com",
            "records": [],
            "set_identifier": "",
            "ttl": 0,
            "type": "A",
            "weighted_routing_policy": [],
            "zone_id": "Z08894221JBIGC903XG4R"
          },
          "sensitive_attributes": [],
          "private": "eyJzY2hlbWFfdmVyc2lvbiI6IjIifQ==",
          "dependencies": [
            "module.cdn.aws_cloudfront_distribution.this",
            "module.cdn.aws_cloudfront_origin_access_identity.this",
            "module.route53.aws_route53_zone.this",
            "module.web_site.aws_s3_bucket.logs",
            "module.web_site.aws_s3_bucket.root"
          ]
        }
      ]
    },
    {
      "module": "module.route53",
      "mode": "managed",
      "type": "aws_route53_zone",
      "name": "this",
      "provider": "provider[\"registry.terraform.io/hashicorp/aws\"]",
      "instances": [
        {
          "schema_version": 0,
          "attributes": {
            "arn": "arn:aws:route53:::hostedzone/Z08894221JBIGC903XG4R",
            "comment": "Managed by Terraform",
            "delegation_set_id": "",
            "force_destroy": false,
            "id": "Z08894221JBIGC903XG4R",
            "name": "cloudinventorymanagement.com",
            "name_servers": [
              "ns-1220.awsdns-24.org",
              "ns-1747.awsdns-26.co.uk",
              "ns-420.awsdns-52.com",
              "ns-662.awsdns-18.net"
            ],
            "primary_name_server": "ns-1220.awsdns-24.org",
            "tags": {},
            "tags_all": {},
            "vpc": [],
            "zone_id": "Z08894221JBIGC903XG4R"
          },
          "sensitive_attributes": [],
          "private": "bnVsbA=="
        }
      ]
    },
    {
      "module": "module.vpc-endpoint",
      "mode": "managed",
      "type": "aws_vpc_endpoint",
      "name": "dynamodb",
      "provider": "provider[\"registry.terraform.io/hashicorp/aws\"]",
      "instances": [
        {
          "schema_version": 0,
          "attributes": {
            "arn": "arn:aws:ec2:us-east-1:994580224546:vpc-endpoint/vpce-06ecf21e1b22cc135",
            "auto_accept": null,
            "cidr_blocks": [
              "35.71.70.0/24",
              "3.218.182.0/24",
              "3.218.180.0/23",
              "35.71.68.0/23",
              "52.94.0.0/22",
              "52.119.224.0/20"
            ],
            "dns_entry": [],
            "dns_options": [],
            "id": "vpce-06ecf21e1b22cc135",
            "ip_address_type": "",
            "network_interface_ids": [],
            "owner_id": "994580224546",
            "policy": "{\"Statement\":[{\"Action\":[\"dynamodb:BatchGetItem\",\"dynamodb:BatchWriteItem\",\"dynamodb:DeleteItem\",\"dynamodb:GetItem\",\"dynamodb:PutItem\",\"dynamodb:Query\",\"dynamodb:Scan\",\"dynamodb:UpdateItem\"],\"Effect\":\"Allow\",\"Principal\":\"*\",\"Resource\":\"*\"}],\"Version\":\"2012-10-17\"}",
            "prefix_list_id": "pl-02cd2c6b",
            "private_dns_enabled": false,
            "requester_managed": false,
            "route_table_ids": [
              "rtb-007c96ff25237f620"
            ],
            "security_group_ids": [],
            "service_name": "com.amazonaws.us-east-1.dynamodb",
            "state": "available",
            "subnet_ids": [],
            "tags": {},
            "tags_all": {},
            "timeouts": null,
            "vpc_endpoint_type": "Gateway",
            "vpc_id": "vpc-01f552f7be801dd08"
          },
          "sensitive_attributes": [],
          "private": "eyJlMmJmYjczMC1lY2FhLTExZTYtOGY4OC0zNDM2M2JjN2M0YzAiOnsiY3JlYXRlIjo2MDAwMDAwMDAwMDAsImRlbGV0ZSI6NjAwMDAwMDAwMDAwLCJ1cGRhdGUiOjYwMDAwMDAwMDAwMH19",
          "dependencies": [
            "module.vpc.module.vpc.aws_route_table.private",
            "module.vpc.module.vpc.aws_vpc.this",
            "module.vpc.module.vpc.aws_vpc_ipv4_cidr_block_association.this"
          ]
        }
      ]
    },
    {
      "module": "module.vpc-endpoint",
      "mode": "managed",
      "type": "aws_vpc_endpoint_route_table_association",
      "name": "private-dynamodb",
      "provider": "provider[\"registry.terraform.io/hashicorp/aws\"]",
      "instances": [
        {
          "schema_version": 0,
          "attributes": {
            "id": "a-vpce-06ecf21e1b22cc1351536956149",
            "route_table_id": "rtb-007c96ff25237f620",
            "vpc_endpoint_id": "vpce-06ecf21e1b22cc135"
          },
          "sensitive_attributes": [],
          "private": "bnVsbA==",
          "dependencies": [
            "module.vpc-endpoint.aws_vpc_endpoint.dynamodb",
            "module.vpc.module.vpc.aws_route_table.private",
            "module.vpc.module.vpc.aws_vpc.this",
            "module.vpc.module.vpc.aws_vpc_ipv4_cidr_block_association.this"
          ]
        }
      ]
    },
    {
      "module": "module.vpc.module.vpc",
      "mode": "managed",
      "type": "aws_default_network_acl",
      "name": "this",
      "provider": "provider[\"registry.terraform.io/hashicorp/aws\"]",
      "instances": [
        {
          "index_key": 0,
          "schema_version": 0,
          "attributes": {
            "arn": "arn:aws:ec2:us-east-1:994580224546:network-acl/acl-085d72173b1b03eed",
            "default_network_acl_id": "acl-085d72173b1b03eed",
            "egress": [
              {
                "action": "allow",
                "cidr_block": "",
                "from_port": 0,
                "icmp_code": 0,
                "icmp_type": 0,
                "ipv6_cidr_block": "::/0",
                "protocol": "-1",
                "rule_no": 101,
                "to_port": 0
              },
              {
                "action": "allow",
                "cidr_block": "0.0.0.0/0",
                "from_port": 0,
                "icmp_code": 0,
                "icmp_type": 0,
                "ipv6_cidr_block": "",
                "protocol": "-1",
                "rule_no": 100,
                "to_port": 0
              }
            ],
            "id": "acl-085d72173b1b03eed",
            "ingress": [
              {
                "action": "allow",
                "cidr_block": "",
                "from_port": 0,
                "icmp_code": 0,
                "icmp_type": 0,
                "ipv6_cidr_block": "::/0",
                "protocol": "-1",
                "rule_no": 101,
                "to_port": 0
              },
              {
                "action": "allow",
                "cidr_block": "0.0.0.0/0",
                "from_port": 0,
                "icmp_code": 0,
                "icmp_type": 0,
                "ipv6_cidr_block": "",
                "protocol": "-1",
                "rule_no": 100,
                "to_port": 0
              }
            ],
            "owner_id": "994580224546",
            "subnet_ids": [
              "subnet-03105f16b4a4ed6aa"
            ],
            "tags": {
              "Name": "cloud-vpc-1-default"
            },
            "tags_all": {
              "Name": "cloud-vpc-1-default"
            },
            "vpc_id": "vpc-01f552f7be801dd08"
          },
          "sensitive_attributes": [],
          "private": "bnVsbA==",
          "dependencies": [
            "module.vpc.module.vpc.aws_vpc.this"
          ]
        }
      ]
    },
    {
      "module": "module.vpc.module.vpc",
      "mode": "managed",
      "type": "aws_default_route_table",
      "name": "default",
      "provider": "provider[\"registry.terraform.io/hashicorp/aws\"]",
      "instances": [
        {
          "index_key": 0,
          "schema_version": 0,
          "attributes": {
            "arn": "arn:aws:ec2:us-east-1:994580224546:route-table/rtb-092e09dc4ce317db6",
            "default_route_table_id": "rtb-092e09dc4ce317db6",
            "id": "rtb-092e09dc4ce317db6",
            "owner_id": "994580224546",
            "propagating_vgws": [],
            "route": [],
            "tags": {
              "Name": "cloud-vpc-1-default"
            },
            "tags_all": {
              "Name": "cloud-vpc-1-default"
            },
            "timeouts": {
              "create": "5m",
              "update": "5m"
            },
            "vpc_id": "vpc-01f552f7be801dd08"
          },
          "sensitive_attributes": [],
          "private": "eyJlMmJmYjczMC1lY2FhLTExZTYtOGY4OC0zNDM2M2JjN2M0YzAiOnsiY3JlYXRlIjozMDAwMDAwMDAwMDAsInVwZGF0ZSI6MzAwMDAwMDAwMDAwfX0=",
          "dependencies": [
            "module.vpc.module.vpc.aws_vpc.this"
          ]
        }
      ]
    },
    {
      "module": "module.vpc.module.vpc",
      "mode": "managed",
      "type": "aws_default_security_group",
      "name": "this",
      "provider": "provider[\"registry.terraform.io/hashicorp/aws\"]",
      "instances": [
        {
          "index_key": 0,
          "schema_version": 1,
          "attributes": {
            "arn": "arn:aws:ec2:us-east-1:994580224546:security-group/sg-07ed85ebc94cb66a9",
            "description": "default VPC security group",
            "egress": [],
            "id": "sg-07ed85ebc94cb66a9",
            "ingress": [],
            "name": "default",
            "name_prefix": "",
            "owner_id": "994580224546",
            "revoke_rules_on_delete": false,
            "tags": {
              "Name": "cloud-vpc-1-default"
            },
            "tags_all": {
              "Name": "cloud-vpc-1-default"
            },
            "vpc_id": "vpc-01f552f7be801dd08"
          },
          "sensitive_attributes": [],
          "private": "eyJzY2hlbWFfdmVyc2lvbiI6IjEifQ==",
          "dependencies": [
            "module.vpc.module.vpc.aws_vpc.this"
          ]
        }
      ]
    },
    {
      "module": "module.vpc.module.vpc",
      "mode": "managed",
      "type": "aws_route_table",
      "name": "private",
      "provider": "provider[\"registry.terraform.io/hashicorp/aws\"]",
      "instances": [
        {
          "index_key": 0,
          "schema_version": 0,
          "attributes": {
            "arn": "arn:aws:ec2:us-east-1:994580224546:route-table/rtb-007c96ff25237f620",
            "id": "rtb-007c96ff25237f620",
            "owner_id": "994580224546",
            "propagating_vgws": [],
            "route": [],
            "tags": {
              "Name": "cloud-vpc-1-private-us-east-1a"
            },
            "tags_all": {
              "Name": "cloud-vpc-1-private-us-east-1a"
            },
            "timeouts": null,
            "vpc_id": "vpc-01f552f7be801dd08"
          },
          "sensitive_attributes": [],
          "private": "eyJlMmJmYjczMC1lY2FhLTExZTYtOGY4OC0zNDM2M2JjN2M0YzAiOnsiY3JlYXRlIjozMDAwMDAwMDAwMDAsImRlbGV0ZSI6MzAwMDAwMDAwMDAwLCJ1cGRhdGUiOjEyMDAwMDAwMDAwMH19",
          "dependencies": [
            "module.vpc.module.vpc.aws_vpc.this",
            "module.vpc.module.vpc.aws_vpc_ipv4_cidr_block_association.this"
          ]
        }
      ]
    },
    {
      "module": "module.vpc.module.vpc",
      "mode": "managed",
      "type": "aws_route_table_association",
      "name": "private",
      "provider": "provider[\"registry.terraform.io/hashicorp/aws\"]",
      "instances": [
        {
          "index_key": 0,
          "schema_version": 0,
          "attributes": {
            "gateway_id": "",
            "id": "rtbassoc-0f16e3e5ac6f7c93e",
            "route_table_id": "rtb-007c96ff25237f620",
            "subnet_id": "subnet-03105f16b4a4ed6aa",
            "timeouts": null
          },
          "sensitive_attributes": [],
          "private": "eyJlMmJmYjczMC1lY2FhLTExZTYtOGY4OC0zNDM2M2JjN2M0YzAiOnsiY3JlYXRlIjozMDAwMDAwMDAwMDAsImRlbGV0ZSI6MzAwMDAwMDAwMDAwLCJ1cGRhdGUiOjEyMDAwMDAwMDAwMH19",
          "dependencies": [
            "module.vpc.module.vpc.aws_route_table.private",
            "module.vpc.module.vpc.aws_subnet.private",
            "module.vpc.module.vpc.aws_vpc.this",
            "module.vpc.module.vpc.aws_vpc_ipv4_cidr_block_association.this"
          ]
        }
      ]
    },
    {
      "module": "module.vpc.module.vpc",
      "mode": "managed",
      "type": "aws_subnet",
      "name": "private",
      "provider": "provider[\"registry.terraform.io/hashicorp/aws\"]",
      "instances": [
        {
          "index_key": 0,
          "schema_version": 1,
          "attributes": {
            "arn": "arn:aws:ec2:us-east-1:994580224546:subnet/subnet-03105f16b4a4ed6aa",
            "assign_ipv6_address_on_creation": false,
            "availability_zone": "us-east-1a",
            "availability_zone_id": "use1-az4",
            "cidr_block": "10.0.1.0/24",
            "customer_owned_ipv4_pool": "",
            "enable_dns64": false,
            "enable_lni_at_device_index": 0,
            "enable_resource_name_dns_a_record_on_launch": false,
            "enable_resource_name_dns_aaaa_record_on_launch": false,
            "id": "subnet-03105f16b4a4ed6aa",
            "ipv6_cidr_block": "",
            "ipv6_cidr_block_association_id": "",
            "ipv6_native": false,
            "map_customer_owned_ip_on_launch": false,
            "map_public_ip_on_launch": false,
            "outpost_arn": "",
            "owner_id": "994580224546",
            "private_dns_hostname_type_on_launch": "ip-name",
            "tags": {
              "Name": "cloud-vpc-1-private-us-east-1a"
            },
            "tags_all": {
              "Name": "cloud-vpc-1-private-us-east-1a"
            },
            "timeouts": null,
            "vpc_id": "vpc-01f552f7be801dd08"
          },
          "sensitive_attributes": [],
          "private": "eyJlMmJmYjczMC1lY2FhLTExZTYtOGY4OC0zNDM2M2JjN2M0YzAiOnsiY3JlYXRlIjo2MDAwMDAwMDAwMDAsImRlbGV0ZSI6MTIwMDAwMDAwMDAwMH0sInNjaGVtYV92ZXJzaW9uIjoiMSJ9",
          "dependencies": [
            "module.vpc.module.vpc.aws_vpc.this",
            "module.vpc.module.vpc.aws_vpc_ipv4_cidr_block_association.this"
          ]
        }
      ]
    },
    {
      "module": "module.vpc.module.vpc",
      "mode": "managed",
      "type": "aws_vpc",
      "name": "this",
      "provider": "provider[\"registry.terraform.io/hashicorp/aws\"]",
      "instances": [
        {
          "index_key": 0,
          "schema_version": 1,
          "attributes": {
            "arn": "arn:aws:ec2:us-east-1:994580224546:vpc/vpc-01f552f7be801dd08",
            "assign_generated_ipv6_cidr_block": false,
            "cidr_block": "10.0.0.0/16",
            "default_network_acl_id": "acl-085d72173b1b03eed",
            "default_route_table_id": "rtb-092e09dc4ce317db6",
            "default_security_group_id": "sg-07ed85ebc94cb66a9",
            "dhcp_options_id": "dopt-04f955fef51790aff",
            "enable_dns_hostnames": true,
            "enable_dns_support": true,
            "enable_network_address_usage_metrics": false,
            "id": "vpc-01f552f7be801dd08",
            "instance_tenancy": "default",
            "ipv4_ipam_pool_id": null,
            "ipv4_netmask_length": null,
            "ipv6_association_id": "",
            "ipv6_cidr_block": "",
            "ipv6_cidr_block_network_border_group": "",
            "ipv6_ipam_pool_id": "",
            "ipv6_netmask_length": 0,
            "main_route_table_id": "rtb-092e09dc4ce317db6",
            "owner_id": "994580224546",
            "tags": {
              "Name": "cloud-vpc-1"
            },
            "tags_all": {
              "Name": "cloud-vpc-1"
            }
          },
          "sensitive_attributes": [],
          "private": "eyJzY2hlbWFfdmVyc2lvbiI6IjEifQ=="
        }
      ]
    },
    {
      "module": "module.web_site",
      "mode": "data",
      "type": "aws_caller_identity",
      "name": "current",
      "provider": "provider[\"registry.terraform.io/hashicorp/aws\"]",
      "instances": [
        {
          "schema_version": 0,
          "attributes": {
            "account_id": "994580224546",
            "arn": "arn:aws:sts::994580224546:assumed-role/voclabs/user2454516=aviscardi",
            "id": "994580224546",
            "user_id": "AROA6PEMZ3IRG43FGMLU3:user2454516=aviscardi"
          },
          "sensitive_attributes": []
        }
      ]
    },
    {
      "module": "module.web_site",
      "mode": "managed",
      "type": "aws_s3_bucket",
      "name": "logs",
      "provider": "provider[\"registry.terraform.io/hashicorp/aws\"]",
      "instances": [
        {
          "schema_version": 0,
          "attributes": {
            "acceleration_status": "",
            "acl": null,
            "arn": "arn:aws:s3:::logs.cloudinventorymanagement.com",
            "bucket": "logs.cloudinventorymanagement.com",
            "bucket_domain_name": "logs.cloudinventorymanagement.com.s3.amazonaws.com",
            "bucket_prefix": "",
            "bucket_regional_domain_name": "logs.cloudinventorymanagement.com.s3.us-east-1.amazonaws.com",
            "cors_rule": [],
            "force_destroy": true,
            "grant": [
              {
                "id": "c4c1ede66af53448b93c283ce9448c4ba468c9432aa01d700d3878632f77d2d0",
                "permissions": [
                  "FULL_CONTROL"
                ],
                "type": "CanonicalUser",
                "uri": ""
              },
              {
                "id": "dcb875f400d8d7b66f516f23a5c565649bbdec4ec258a21cacf706f3d71ea89f",
                "permissions": [
                  "FULL_CONTROL"
                ],
                "type": "CanonicalUser",
                "uri": ""
              }
            ],
            "hosted_zone_id": "Z3AQBSTGFYJSTF",
            "id": "logs.cloudinventorymanagement.com",
            "lifecycle_rule": [],
            "logging": [
              {
                "target_bucket": "logs.cloudinventorymanagement.com",
                "target_prefix": "logs/"
              }
            ],
            "object_lock_configuration": [],
            "object_lock_enabled": false,
            "policy": "",
            "region": "us-east-1",
            "replication_configuration": [],
            "request_payer": "BucketOwner",
            "server_side_encryption_configuration": [
              {
                "rule": [
                  {
                    "apply_server_side_encryption_by_default": [
                      {
                        "kms_master_key_id": "",
                        "sse_algorithm": "AES256"
                      }
                    ],
                    "bucket_key_enabled": false
                  }
                ]
              }
            ],
            "tags": {},
            "tags_all": {},
            "timeouts": null,
            "versioning": [
              {
                "enabled": true,
                "mfa_delete": false
              }
            ],
            "website": [
              {
                "error_document": "error.html",
                "index_document": "index.html",
                "redirect_all_requests_to": "",
                "routing_rules": ""
              }
            ],
            "website_domain": "s3-website-us-east-1.amazonaws.com",
            "website_endpoint": "logs.cloudinventorymanagement.com.s3-website-us-east-1.amazonaws.com"
          },
          "sensitive_attributes": [],
          "private": "eyJlMmJmYjczMC1lY2FhLTExZTYtOGY4OC0zNDM2M2JjN2M0YzAiOnsiY3JlYXRlIjoxMjAwMDAwMDAwMDAwLCJkZWxldGUiOjM2MDAwMDAwMDAwMDAsInJlYWQiOjEyMDAwMDAwMDAwMDAsInVwZGF0ZSI6MTIwMDAwMDAwMDAwMH19"
        }
      ]
    },
    {
      "module": "module.web_site",
      "mode": "managed",
      "type": "aws_s3_bucket",
      "name": "root",
      "provider": "provider[\"registry.terraform.io/hashicorp/aws\"]",
      "instances": [
        {
          "schema_version": 0,
          "attributes": {
            "acceleration_status": "",
            "acl": null,
            "arn": "arn:aws:s3:::cloudinventorymanagement.com",
            "bucket": "cloudinventorymanagement.com",
            "bucket_domain_name": "cloudinventorymanagement.com.s3.amazonaws.com",
            "bucket_prefix": "",
            "bucket_regional_domain_name": "cloudinventorymanagement.com.s3.us-east-1.amazonaws.com",
            "cors_rule": [
              {
                "allowed_headers": [
                  "Authorization",
                  "Content-Length"
                ],
                "allowed_methods": [
                  "POST",
                  "GET"
                ],
                "allowed_origins": [
                  "https://www.cloudinventorymanagement.com",
                  "*"
                ],
                "expose_headers": [
                  "ETag"
                ],
                "max_age_seconds": 3000
              }
            ],
            "force_destroy": true,
            "grant": [
              {
                "id": "dcb875f400d8d7b66f516f23a5c565649bbdec4ec258a21cacf706f3d71ea89f",
                "permissions": [
                  "FULL_CONTROL"
                ],
                "type": "CanonicalUser",
                "uri": ""
              }
            ],
            "hosted_zone_id": "Z3AQBSTGFYJSTF",
            "id": "cloudinventorymanagement.com",
            "lifecycle_rule": [],
            "logging": [],
            "object_lock_configuration": [],
            "object_lock_enabled": false,
            "policy": "",
            "region": "us-east-1",
            "replication_configuration": [],
            "request_payer": "BucketOwner",
            "server_side_encryption_configuration": [
              {
                "rule": [
                  {
                    "apply_server_side_encryption_by_default": [
                      {
                        "kms_master_key_id": "",
                        "sse_algorithm": "AES256"
                      }
                    ],
                    "bucket_key_enabled": false
                  }
                ]
              }
            ],
            "tags": {},
            "tags_all": {},
            "timeouts": null,
            "versioning": [
              {
                "enabled": false,
                "mfa_delete": false
              }
            ],
            "website": [],
            "website_domain": null,
            "website_endpoint": null
          },
          "sensitive_attributes": [],
          "private": "eyJlMmJmYjczMC1lY2FhLTExZTYtOGY4OC0zNDM2M2JjN2M0YzAiOnsiY3JlYXRlIjoxMjAwMDAwMDAwMDAwLCJkZWxldGUiOjM2MDAwMDAwMDAwMDAsInJlYWQiOjEyMDAwMDAwMDAwMDAsInVwZGF0ZSI6MTIwMDAwMDAwMDAwMH19"
        }
      ]
    },
    {
      "module": "module.web_site",
      "mode": "managed",
      "type": "aws_s3_bucket",
      "name": "www",
      "provider": "provider[\"registry.terraform.io/hashicorp/aws\"]",
      "instances": [
        {
          "schema_version": 0,
          "attributes": {
            "acceleration_status": "",
            "acl": null,
            "arn": "arn:aws:s3:::www.cloudinventorymanagement.com",
            "bucket": "www.cloudinventorymanagement.com",
            "bucket_domain_name": "www.cloudinventorymanagement.com.s3.amazonaws.com",
            "bucket_prefix": "",
            "bucket_regional_domain_name": "www.cloudinventorymanagement.com.s3.us-east-1.amazonaws.com",
            "cors_rule": [],
            "force_destroy": true,
            "grant": [
              {
                "id": "dcb875f400d8d7b66f516f23a5c565649bbdec4ec258a21cacf706f3d71ea89f",
                "permissions": [
                  "FULL_CONTROL"
                ],
                "type": "CanonicalUser",
                "uri": ""
              }
            ],
            "hosted_zone_id": "Z3AQBSTGFYJSTF",
            "id": "www.cloudinventorymanagement.com",
            "lifecycle_rule": [],
            "logging": [],
            "object_lock_configuration": [],
            "object_lock_enabled": false,
            "policy": "",
            "region": "us-east-1",
            "replication_configuration": [],
            "request_payer": "BucketOwner",
            "server_side_encryption_configuration": [
              {
                "rule": [
                  {
                    "apply_server_side_encryption_by_default": [
                      {
                        "kms_master_key_id": "",
                        "sse_algorithm": "AES256"
                      }
                    ],
                    "bucket_key_enabled": false
                  }
                ]
              }
            ],
            "tags": {},
            "tags_all": {},
            "timeouts": null,
            "versioning": [
              {
                "enabled": false,
                "mfa_delete": false
              }
            ],
            "website": [
              {
                "error_document": "",
                "index_document": "",
                "redirect_all_requests_to": "https://www.cloudinventorymanagement.com",
                "routing_rules": ""
              }
            ],
            "website_domain": "s3-website-us-east-1.amazonaws.com",
            "website_endpoint": "www.cloudinventorymanagement.com.s3-website-us-east-1.amazonaws.com"
          },
          "sensitive_attributes": [],
          "private": "eyJlMmJmYjczMC1lY2FhLTExZTYtOGY4OC0zNDM2M2JjN2M0YzAiOnsiY3JlYXRlIjoxMjAwMDAwMDAwMDAwLCJkZWxldGUiOjM2MDAwMDAwMDAwMDAsInJlYWQiOjEyMDAwMDAwMDAwMDAsInVwZGF0ZSI6MTIwMDAwMDAwMDAwMH19"
        }
      ]
    },
    {
      "module": "module.web_site",
      "mode": "managed",
      "type": "aws_s3_bucket_acl",
      "name": "logs",
      "provider": "provider[\"registry.terraform.io/hashicorp/aws\"]",
      "instances": [
        {
          "schema_version": 0,
          "attributes": {
            "access_control_policy": [
              {
                "grant": [
                  {
                    "grantee": [
                      {
                        "display_name": "awslabsc0w5257793t1673100476",
                        "email_address": "",
                        "id": "dcb875f400d8d7b66f516f23a5c565649bbdec4ec258a21cacf706f3d71ea89f",
                        "type": "CanonicalUser",
                        "uri": ""
                      }
                    ],
                    "permission": "FULL_CONTROL"
                  },
                  {
                    "grantee": [
                      {
                        "display_name": "awslogsdelivery+s3_us-east-1",
                        "email_address": "",
                        "id": "c4c1ede66af53448b93c283ce9448c4ba468c9432aa01d700d3878632f77d2d0",
                        "type": "CanonicalUser",
                        "uri": ""
                      }
                    ],
                    "permission": "FULL_CONTROL"
                  }
                ],
                "owner": [
                  {
                    "display_name": "awslabsc0w5257793t1673100476",
                    "id": "dcb875f400d8d7b66f516f23a5c565649bbdec4ec258a21cacf706f3d71ea89f"
                  }
                ]
              }
            ],
            "acl": "private",
            "bucket": "logs.cloudinventorymanagement.com",
            "expected_bucket_owner": "",
            "id": "logs.cloudinventorymanagement.com,private"
          },
          "sensitive_attributes": [],
          "private": "bnVsbA==",
          "dependencies": [
            "module.web_site.aws_s3_bucket.logs",
            "module.web_site.aws_s3_bucket_ownership_controls.logs"
          ]
        }
      ]
    },
    {
      "module": "module.web_site",
      "mode": "managed",
      "type": "aws_s3_bucket_cors_configuration",
      "name": "website",
      "provider": "provider[\"registry.terraform.io/hashicorp/aws\"]",
      "instances": [
        {
          "schema_version": 0,
          "attributes": {
            "bucket": "cloudinventorymanagement.com",
            "cors_rule": [
              {
                "allowed_headers": [
                  "Authorization",
                  "Content-Length"
                ],
                "allowed_methods": [
                  "GET",
                  "POST"
                ],
                "allowed_origins": [
                  "*",
                  "https://www.cloudinventorymanagement.com"
                ],
                "expose_headers": [
                  "ETag"
                ],
                "id": "",
                "max_age_seconds": 3000
              }
            ],
            "expected_bucket_owner": "",
            "id": "cloudinventorymanagement.com"
          },
          "sensitive_attributes": [],
          "private": "bnVsbA==",
          "dependencies": [
            "module.web_site.aws_s3_bucket.root"
          ]
        }
      ]
    },
    {
      "module": "module.web_site",
      "mode": "managed",
      "type": "aws_s3_bucket_logging",
      "name": "this",
      "provider": "provider[\"registry.terraform.io/hashicorp/aws\"]",
      "instances": [
        {
          "schema_version": 0,
          "attributes": {
            "bucket": "logs.cloudinventorymanagement.com",
            "expected_bucket_owner": "",
            "id": "logs.cloudinventorymanagement.com",
            "target_bucket": "logs.cloudinventorymanagement.com",
            "target_grant": [],
            "target_prefix": "logs/"
          },
          "sensitive_attributes": [],
          "private": "bnVsbA==",
          "dependencies": [
            "module.web_site.aws_s3_bucket.logs"
          ]
        }
      ]
    },
    {
      "module": "module.web_site",
      "mode": "managed",
      "type": "aws_s3_bucket_ownership_controls",
      "name": "logs",
      "provider": "provider[\"registry.terraform.io/hashicorp/aws\"]",
      "instances": [
        {
          "schema_version": 0,
          "attributes": {
            "bucket": "logs.cloudinventorymanagement.com",
            "id": "logs.cloudinventorymanagement.com",
            "rule": [
              {
                "object_ownership": "BucketOwnerPreferred"
              }
            ]
          },
          "sensitive_attributes": [],
          "private": "bnVsbA==",
          "dependencies": [
            "module.web_site.aws_s3_bucket.logs"
          ]
        }
      ]
    },
    {
      "module": "module.web_site",
      "mode": "managed",
      "type": "aws_s3_bucket_versioning",
      "name": "logs",
      "provider": "provider[\"registry.terraform.io/hashicorp/aws\"]",
      "instances": [
        {
          "schema_version": 0,
          "attributes": {
            "bucket": "logs.cloudinventorymanagement.com",
            "expected_bucket_owner": "",
            "id": "logs.cloudinventorymanagement.com",
            "mfa": null,
            "versioning_configuration": [
              {
                "mfa_delete": "",
                "status": "Enabled"
              }
            ]
          },
          "sensitive_attributes": [],
          "private": "bnVsbA==",
          "dependencies": [
            "module.web_site.aws_s3_bucket.logs"
          ]
        }
      ]
    },
    {
      "module": "module.web_site",
      "mode": "managed",
      "type": "aws_s3_bucket_website_configuration",
      "name": "logs",
      "provider": "provider[\"registry.terraform.io/hashicorp/aws\"]",
      "instances": [
        {
          "schema_version": 0,
          "attributes": {
            "bucket": "logs.cloudinventorymanagement.com",
            "error_document": [
              {
                "key": "error.html"
              }
            ],
            "expected_bucket_owner": "",
            "id": "logs.cloudinventorymanagement.com",
            "index_document": [
              {
                "suffix": "index.html"
              }
            ],
            "redirect_all_requests_to": [],
            "routing_rule": [],
            "routing_rules": "",
            "website_domain": "s3-website-us-east-1.amazonaws.com",
            "website_endpoint": "logs.cloudinventorymanagement.com.s3-website-us-east-1.amazonaws.com"
          },
          "sensitive_attributes": [],
          "private": "bnVsbA==",
          "dependencies": [
            "module.web_site.aws_s3_bucket.logs"
          ]
        }
      ]
    },
    {
      "module": "module.web_site",
      "mode": "managed",
      "type": "aws_s3_bucket_website_configuration",
      "name": "root",
      "provider": "provider[\"registry.terraform.io/hashicorp/aws\"]",
      "instances": [
        {
          "schema_version": 0,
          "attributes": {
            "bucket": "www.cloudinventorymanagement.com",
            "error_document": [],
            "expected_bucket_owner": "",
            "id": "www.cloudinventorymanagement.com",
            "index_document": [],
            "redirect_all_requests_to": [
              {
                "host_name": "https://www.cloudinventorymanagement.com",
                "protocol": ""
              }
            ],
            "routing_rule": [],
            "routing_rules": "",
            "website_domain": "s3-website-us-east-1.amazonaws.com",
            "website_endpoint": "www.cloudinventorymanagement.com.s3-website-us-east-1.amazonaws.com"
          },
          "sensitive_attributes": [],
          "private": "bnVsbA==",
          "dependencies": [
            "module.web_site.aws_s3_bucket.www"
          ]
        }
      ]
    },
    {
      "module": "module.web_site",
      "mode": "managed",
      "type": "aws_s3_bucket_website_configuration",
      "name": "www",
      "provider": "provider[\"registry.terraform.io/hashicorp/aws\"]",
      "instances": [
        {
          "schema_version": 0,
          "attributes": {
            "bucket": "www.cloudinventorymanagement.com",
            "error_document": [
              {
                "key": "error.html"
              }
            ],
            "expected_bucket_owner": "",
            "id": "www.cloudinventorymanagement.com",
            "index_document": [
              {
                "suffix": "index.html"
              }
            ],
            "redirect_all_requests_to": [],
            "routing_rule": [],
            "routing_rules": "",
            "website_domain": "s3-website-us-east-1.amazonaws.com",
            "website_endpoint": "www.cloudinventorymanagement.com.s3-website-us-east-1.amazonaws.com"
          },
          "sensitive_attributes": [],
          "private": "bnVsbA==",
          "dependencies": [
            "module.web_site.aws_s3_bucket.www"
          ]
        }
      ]
    },
    {
      "module": "module.web_site",
      "mode": "managed",
      "type": "aws_s3_object",
      "name": "website_files",
      "provider": "provider[\"registry.terraform.io/hashicorp/aws\"]",
      "instances": [
        {
          "index_key": "404.html",
          "schema_version": 0,
          "attributes": {
            "acl": null,
            "bucket": "www.cloudinventorymanagement.com",
            "bucket_key_enabled": false,
            "cache_control": "",
            "content": null,
            "content_base64": null,
            "content_disposition": "",
            "content_encoding": "",
            "content_language": "",
            "content_type": "text/html; charset=utf-8",
            "etag": "f32d7360fb3296f0570c4684b83838ae",
            "force_destroy": false,
            "id": "404.html",
            "key": "404.html",
            "kms_key_id": null,
            "metadata": {},
            "object_lock_legal_hold_status": "",
            "object_lock_mode": "",
            "object_lock_retain_until_date": "",
            "server_side_encryption": "AES256",
            "source": "../frontend/out/404.html",
            "source_hash": null,
            "storage_class": "STANDARD",
            "tags": {},
            "tags_all": {},
            "version_id": "",
            "website_redirect": ""
          },
          "sensitive_attributes": [],
          "private": "bnVsbA==",
          "dependencies": [
            "module.web_site.aws_s3_bucket.www"
          ]
        },
        {
          "index_key": "_next/static/b7YOYJH1sYn-Ihvx_-r1z/_buildManifest.js",
          "schema_version": 0,
          "attributes": {
            "acl": null,
            "bucket": "www.cloudinventorymanagement.com",
            "bucket_key_enabled": false,
            "cache_control": "",
            "content": null,
            "content_base64": null,
            "content_disposition": "",
            "content_encoding": "",
            "content_language": "",
            "content_type": "application/javascript",
            "etag": "74b8b53303d4ed9411c42e6ede92f54d",
            "force_destroy": false,
            "id": "_next/static/b7YOYJH1sYn-Ihvx_-r1z/_buildManifest.js",
            "key": "_next/static/b7YOYJH1sYn-Ihvx_-r1z/_buildManifest.js",
            "kms_key_id": null,
            "metadata": {},
            "object_lock_legal_hold_status": "",
            "object_lock_mode": "",
            "object_lock_retain_until_date": "",
            "server_side_encryption": "AES256",
            "source": "../frontend/out/_next/static/b7YOYJH1sYn-Ihvx_-r1z/_buildManifest.js",
            "source_hash": null,
            "storage_class": "STANDARD",
            "tags": {},
            "tags_all": {},
            "version_id": "",
            "website_redirect": ""
          },
          "sensitive_attributes": [],
          "private": "bnVsbA==",
          "dependencies": [
            "module.web_site.aws_s3_bucket.www"
          ]
        },
        {
          "index_key": "_next/static/b7YOYJH1sYn-Ihvx_-r1z/_ssgManifest.js",
          "schema_version": 0,
          "attributes": {
            "acl": null,
            "bucket": "www.cloudinventorymanagement.com",
            "bucket_key_enabled": false,
            "cache_control": "",
            "content": null,
            "content_base64": null,
            "content_disposition": "",
            "content_encoding": "",
            "content_language": "",
            "content_type": "application/javascript",
            "etag": "b6652df95db52feb4daf4eca35380933",
            "force_destroy": false,
            "id": "_next/static/b7YOYJH1sYn-Ihvx_-r1z/_ssgManifest.js",
            "key": "_next/static/b7YOYJH1sYn-Ihvx_-r1z/_ssgManifest.js",
            "kms_key_id": null,
            "metadata": {},
            "object_lock_legal_hold_status": "",
            "object_lock_mode": "",
            "object_lock_retain_until_date": "",
            "server_side_encryption": "AES256",
            "source": "../frontend/out/_next/static/b7YOYJH1sYn-Ihvx_-r1z/_ssgManifest.js",
            "source_hash": null,
            "storage_class": "STANDARD",
            "tags": {},
            "tags_all": {},
            "version_id": "",
            "website_redirect": ""
          },
          "sensitive_attributes": [],
          "private": "bnVsbA==",
          "dependencies": [
            "module.web_site.aws_s3_bucket.www"
          ]
        },
        {
          "index_key": "_next/static/chunks/framework-2c79e2a64abdb08b.js",
          "schema_version": 0,
          "attributes": {
            "acl": null,
            "bucket": "www.cloudinventorymanagement.com",
            "bucket_key_enabled": false,
            "cache_control": "",
            "content": null,
            "content_base64": null,
            "content_disposition": "",
            "content_encoding": "",
            "content_language": "",
            "content_type": "application/javascript",
            "etag": "7fc4bed6b4319c62343f0bf5db91a5bb",
            "force_destroy": false,
            "id": "_next/static/chunks/framework-2c79e2a64abdb08b.js",
            "key": "_next/static/chunks/framework-2c79e2a64abdb08b.js",
            "kms_key_id": null,
            "metadata": {},
            "object_lock_legal_hold_status": "",
            "object_lock_mode": "",
            "object_lock_retain_until_date": "",
            "server_side_encryption": "AES256",
            "source": "../frontend/out/_next/static/chunks/framework-2c79e2a64abdb08b.js",
            "source_hash": null,
            "storage_class": "STANDARD",
            "tags": {},
            "tags_all": {},
            "version_id": "",
            "website_redirect": ""
          },
          "sensitive_attributes": [],
          "private": "bnVsbA==",
          "dependencies": [
            "module.web_site.aws_s3_bucket.www"
          ]
        },
        {
          "index_key": "_next/static/chunks/main-62640beb8f97546a.js",
          "schema_version": 0,
          "attributes": {
            "acl": null,
            "bucket": "www.cloudinventorymanagement.com",
            "bucket_key_enabled": false,
            "cache_control": "",
            "content": null,
            "content_base64": null,
            "content_disposition": "",
            "content_encoding": "",
            "content_language": "",
            "content_type": "application/javascript",
            "etag": "7cdd58ea492148e927cc0796e350f592",
            "force_destroy": false,
            "id": "_next/static/chunks/main-62640beb8f97546a.js",
            "key": "_next/static/chunks/main-62640beb8f97546a.js",
            "kms_key_id": null,
            "metadata": {},
            "object_lock_legal_hold_status": "",
            "object_lock_mode": "",
            "object_lock_retain_until_date": "",
            "server_side_encryption": "AES256",
            "source": "../frontend/out/_next/static/chunks/main-62640beb8f97546a.js",
            "source_hash": null,
            "storage_class": "STANDARD",
            "tags": {},
            "tags_all": {},
            "version_id": "",
            "website_redirect": ""
          },
          "sensitive_attributes": [],
          "private": "bnVsbA==",
          "dependencies": [
            "module.web_site.aws_s3_bucket.www"
          ]
        },
        {
          "index_key": "_next/static/chunks/pages/_app-f71460464bc8a323.js",
          "schema_version": 0,
          "attributes": {
            "acl": null,
            "bucket": "www.cloudinventorymanagement.com",
            "bucket_key_enabled": false,
            "cache_control": "",
            "content": null,
            "content_base64": null,
            "content_disposition": "",
            "content_encoding": "",
            "content_language": "",
            "content_type": "application/javascript",
            "etag": "de99d46abc17b3a8305c1343735f3962",
            "force_destroy": false,
            "id": "_next/static/chunks/pages/_app-f71460464bc8a323.js",
            "key": "_next/static/chunks/pages/_app-f71460464bc8a323.js",
            "kms_key_id": null,
            "metadata": {},
            "object_lock_legal_hold_status": "",
            "object_lock_mode": "",
            "object_lock_retain_until_date": "",
            "server_side_encryption": "AES256",
            "source": "../frontend/out/_next/static/chunks/pages/_app-f71460464bc8a323.js",
            "source_hash": null,
            "storage_class": "STANDARD",
            "tags": {},
            "tags_all": {},
            "version_id": "",
            "website_redirect": ""
          },
          "sensitive_attributes": [],
          "private": "bnVsbA==",
          "dependencies": [
            "module.web_site.aws_s3_bucket.www"
          ]
        },
        {
          "index_key": "_next/static/chunks/pages/_error-8353112a01355ec2.js",
          "schema_version": 0,
          "attributes": {
            "acl": null,
            "bucket": "www.cloudinventorymanagement.com",
            "bucket_key_enabled": false,
            "cache_control": "",
            "content": null,
            "content_base64": null,
            "content_disposition": "",
            "content_encoding": "",
            "content_language": "",
            "content_type": "application/javascript",
            "etag": "9c612a2e5eeb523bbdd64fe017ceeba3",
            "force_destroy": false,
            "id": "_next/static/chunks/pages/_error-8353112a01355ec2.js",
            "key": "_next/static/chunks/pages/_error-8353112a01355ec2.js",
            "kms_key_id": null,
            "metadata": {},
            "object_lock_legal_hold_status": "",
            "object_lock_mode": "",
            "object_lock_retain_until_date": "",
            "server_side_encryption": "AES256",
            "source": "../frontend/out/_next/static/chunks/pages/_error-8353112a01355ec2.js",
            "source_hash": null,
            "storage_class": "STANDARD",
            "tags": {},
            "tags_all": {},
            "version_id": "",
            "website_redirect": ""
          },
          "sensitive_attributes": [],
          "private": "bnVsbA==",
          "dependencies": [
            "module.web_site.aws_s3_bucket.www"
          ]
        },
        {
          "index_key": "_next/static/chunks/pages/error-65a38af9273bfa7b.js",
          "schema_version": 0,
          "attributes": {
            "acl": null,
            "bucket": "www.cloudinventorymanagement.com",
            "bucket_key_enabled": false,
            "cache_control": "",
            "content": null,
            "content_base64": null,
            "content_disposition": "",
            "content_encoding": "",
            "content_language": "",
            "content_type": "application/javascript",
            "etag": "5bb3a59d8347fa4be5f41d67718f240f",
            "force_destroy": false,
            "id": "_next/static/chunks/pages/error-65a38af9273bfa7b.js",
            "key": "_next/static/chunks/pages/error-65a38af9273bfa7b.js",
            "kms_key_id": null,
            "metadata": {},
            "object_lock_legal_hold_status": "",
            "object_lock_mode": "",
            "object_lock_retain_until_date": "",
            "server_side_encryption": "AES256",
            "source": "../frontend/out/_next/static/chunks/pages/error-65a38af9273bfa7b.js",
            "source_hash": null,
            "storage_class": "STANDARD",
            "tags": {},
            "tags_all": {},
            "version_id": "",
            "website_redirect": ""
          },
          "sensitive_attributes": [],
          "private": "bnVsbA==",
          "dependencies": [
            "module.web_site.aws_s3_bucket.www"
          ]
        },
        {
          "index_key": "_next/static/chunks/pages/index-7ac3eb3ba4eeaa22.js",
          "schema_version": 0,
          "attributes": {
            "acl": null,
            "bucket": "www.cloudinventorymanagement.com",
            "bucket_key_enabled": false,
            "cache_control": "",
            "content": null,
            "content_base64": null,
            "content_disposition": "",
            "content_encoding": "",
            "content_language": "",
            "content_type": "application/javascript",
            "etag": "704947efebf5771229721128714a29d2",
            "force_destroy": false,
            "id": "_next/static/chunks/pages/index-7ac3eb3ba4eeaa22.js",
            "key": "_next/static/chunks/pages/index-7ac3eb3ba4eeaa22.js",
            "kms_key_id": null,
            "metadata": {},
            "object_lock_legal_hold_status": "",
            "object_lock_mode": "",
            "object_lock_retain_until_date": "",
            "server_side_encryption": "AES256",
            "source": "../frontend/out/_next/static/chunks/pages/index-7ac3eb3ba4eeaa22.js",
            "source_hash": null,
            "storage_class": "STANDARD",
            "tags": {},
            "tags_all": {},
            "version_id": "",
            "website_redirect": ""
          },
          "sensitive_attributes": [],
          "private": "bnVsbA==",
          "dependencies": [
            "module.web_site.aws_s3_bucket.www"
          ]
        },
        {
          "index_key": "_next/static/chunks/polyfills-c67a75d1b6f99dc8.js",
          "schema_version": 0,
          "attributes": {
            "acl": null,
            "bucket": "www.cloudinventorymanagement.com",
            "bucket_key_enabled": false,
            "cache_control": "",
            "content": null,
            "content_base64": null,
            "content_disposition": "",
            "content_encoding": "",
            "content_language": "",
            "content_type": "application/javascript",
            "etag": "837c0df77fd5009c9e46d446188ecfd0",
            "force_destroy": false,
            "id": "_next/static/chunks/polyfills-c67a75d1b6f99dc8.js",
            "key": "_next/static/chunks/polyfills-c67a75d1b6f99dc8.js",
            "kms_key_id": null,
            "metadata": {},
            "object_lock_legal_hold_status": "",
            "object_lock_mode": "",
            "object_lock_retain_until_date": "",
            "server_side_encryption": "AES256",
            "source": "../frontend/out/_next/static/chunks/polyfills-c67a75d1b6f99dc8.js",
            "source_hash": null,
            "storage_class": "STANDARD",
            "tags": {},
            "tags_all": {},
            "version_id": "",
            "website_redirect": ""
          },
          "sensitive_attributes": [],
          "private": "bnVsbA==",
          "dependencies": [
            "module.web_site.aws_s3_bucket.www"
          ]
        },
        {
          "index_key": "_next/static/chunks/webpack-8fa1640cc84ba8fe.js",
          "schema_version": 0,
          "attributes": {
            "acl": null,
            "bucket": "www.cloudinventorymanagement.com",
            "bucket_key_enabled": false,
            "cache_control": "",
            "content": null,
            "content_base64": null,
            "content_disposition": "",
            "content_encoding": "",
            "content_language": "",
            "content_type": "application/javascript",
            "etag": "91afd732a8c34b482288b43ae19fddb7",
            "force_destroy": false,
            "id": "_next/static/chunks/webpack-8fa1640cc84ba8fe.js",
            "key": "_next/static/chunks/webpack-8fa1640cc84ba8fe.js",
            "kms_key_id": null,
            "metadata": {},
            "object_lock_legal_hold_status": "",
            "object_lock_mode": "",
            "object_lock_retain_until_date": "",
            "server_side_encryption": "AES256",
            "source": "../frontend/out/_next/static/chunks/webpack-8fa1640cc84ba8fe.js",
            "source_hash": null,
            "storage_class": "STANDARD",
            "tags": {},
            "tags_all": {},
            "version_id": "",
            "website_redirect": ""
          },
          "sensitive_attributes": [],
          "private": "bnVsbA==",
          "dependencies": [
            "module.web_site.aws_s3_bucket.www"
          ]
        },
        {
          "index_key": "_next/static/css/2a87a4349167a208.css",
          "schema_version": 0,
          "attributes": {
            "acl": null,
            "bucket": "www.cloudinventorymanagement.com",
            "bucket_key_enabled": false,
            "cache_control": "",
            "content": null,
            "content_base64": null,
            "content_disposition": "",
            "content_encoding": "",
            "content_language": "",
            "content_type": "text/css; charset=utf-8",
            "etag": "63f5306677b65f10415f5297b063cdfc",
            "force_destroy": false,
            "id": "_next/static/css/2a87a4349167a208.css",
            "key": "_next/static/css/2a87a4349167a208.css",
            "kms_key_id": null,
            "metadata": {},
            "object_lock_legal_hold_status": "",
            "object_lock_mode": "",
            "object_lock_retain_until_date": "",
            "server_side_encryption": "AES256",
            "source": "../frontend/out/_next/static/css/2a87a4349167a208.css",
            "source_hash": null,
            "storage_class": "STANDARD",
            "tags": {},
            "tags_all": {},
            "version_id": "",
            "website_redirect": ""
          },
          "sensitive_attributes": [],
          "private": "bnVsbA==",
          "dependencies": [
            "module.web_site.aws_s3_bucket.www"
          ]
        },
        {
          "index_key": "error.html",
          "schema_version": 0,
          "attributes": {
            "acl": null,
            "bucket": "www.cloudinventorymanagement.com",
            "bucket_key_enabled": false,
            "cache_control": "",
            "content": null,
            "content_base64": null,
            "content_disposition": "",
            "content_encoding": "",
            "content_language": "",
            "content_type": "text/html; charset=utf-8",
            "etag": "eae1a297a82824d818b93c209886a7e7",
            "force_destroy": false,
            "id": "error.html",
            "key": "error.html",
            "kms_key_id": null,
            "metadata": {},
            "object_lock_legal_hold_status": "",
            "object_lock_mode": "",
            "object_lock_retain_until_date": "",
            "server_side_encryption": "AES256",
            "source": "../frontend/out/error.html",
            "source_hash": null,
            "storage_class": "STANDARD",
            "tags": {},
            "tags_all": {},
            "version_id": "",
            "website_redirect": ""
          },
          "sensitive_attributes": [],
          "private": "bnVsbA==",
          "dependencies": [
            "module.web_site.aws_s3_bucket.www"
          ]
        },
        {
          "index_key": "favicon.ico",
          "schema_version": 0,
          "attributes": {
            "acl": null,
            "bucket": "www.cloudinventorymanagement.com",
            "bucket_key_enabled": false,
            "cache_control": "",
            "content": null,
            "content_base64": null,
            "content_disposition": "",
            "content_encoding": "",
            "content_language": "",
            "content_type": "image/vnd.microsoft.icon",
            "etag": "b7e5d143f696329db9b04f047c8ba284",
            "force_destroy": false,
            "id": "favicon.ico",
            "key": "favicon.ico",
            "kms_key_id": null,
            "metadata": {},
            "object_lock_legal_hold_status": "",
            "object_lock_mode": "",
            "object_lock_retain_until_date": "",
            "server_side_encryption": "AES256",
            "source": "../frontend/out/favicon.ico",
            "source_hash": null,
            "storage_class": "STANDARD",
            "tags": {},
            "tags_all": {},
            "version_id": "",
            "website_redirect": ""
          },
          "sensitive_attributes": [],
          "private": "bnVsbA==",
          "dependencies": [
            "module.web_site.aws_s3_bucket.www"
          ]
        },
        {
          "index_key": "index.html",
          "schema_version": 0,
          "attributes": {
            "acl": null,
            "bucket": "www.cloudinventorymanagement.com",
            "bucket_key_enabled": false,
            "cache_control": "",
            "content": null,
            "content_base64": null,
            "content_disposition": "",
            "content_encoding": "",
            "content_language": "",
            "content_type": "text/html; charset=utf-8",
            "etag": "abd40875cbd81b7bc3ba7908f1940bc7",
            "force_destroy": false,
            "id": "index.html",
            "key": "index.html",
            "kms_key_id": null,
            "metadata": {},
            "object_lock_legal_hold_status": "",
            "object_lock_mode": "",
            "object_lock_retain_until_date": "",
            "server_side_encryption": "AES256",
            "source": "../frontend/out/index.html",
            "source_hash": null,
            "storage_class": "STANDARD",
            "tags": {},
            "tags_all": {},
            "version_id": "",
            "website_redirect": ""
          },
          "sensitive_attributes": [],
          "private": "bnVsbA==",
          "dependencies": [
            "module.web_site.aws_s3_bucket.www"
          ]
        }
      ]
    }
  ],
  "check_results": null
}
